
Microsoft Visual Studio Solution File, Format Version 12.00
# Visual Studio Version 17
VisualStudioVersion = 17.8.34322.80
MinimumVisualStudioVersion = 10.0.40219.1
Project("{9A19103F-16F7-4668-BE54-9A1E7A4F7556}") = "Common", "Common\Common.csproj", "{493FDF88-5714-4705-8A4B-B05CF8F4F071}"
EndProject
Project("{9A19103F-16F7-4668-BE54-9A1E7A4F7556}") = "Day01", "Day01\Day01.csproj", "{B1F5BD70-03AE-4CEF-A73E-331F58EDECFC}"
EndProject
Project("{9A19103F-16F7-4668-BE54-9A1E7A4F7556}") = "Day02", "Day02\Day02.csproj", "{13917E54-4C96-4D36-A60B-C2F701C20013}"
EndProject
Project("{9A19103F-16F7-4668-BE54-9A1E7A4F7556}") = "Day03", "Day03\Day03.csproj", "{BACCAD67-797D-4DDB-893E-ADD825980A22}"
EndProject
Project("{9A19103F-16F7-4668-BE54-9A1E7A4F7556}") = "Day04", "Day04\Day04.csproj", "{0D9F9A19-2162-4F66-BC1E-111AC161C177}"
EndProject
Project("{9A19103F-16F7-4668-BE54-9A1E7A4F7556}") = "Day05", "Day05\Day05.csproj", "{4A986952-3F68-4F44-BD48-C02B572F1F52}"
EndProject
Project("{9A19103F-16F7-4668-BE54-9A1E7A4F7556}") = "Day06", "Day06\Day06.csproj", "{41B6C557-7888-41E9-8D03-56E96C8B8E9E}"
EndProject
Project("{9A19103F-16F7-4668-BE54-9A1E7A4F7556}") = "Day07", "Day07\Day07.csproj", "{62B7CC84-F7AA-440C-81D2-FE9E430C41D8}"
EndProject
Project("{9A19103F-16F7-4668-BE54-9A1E7A4F7556}") = "Day08", "Day08\Day08.csproj", "{CBB61E26-567C-4AC0-9E89-42D34D86C84B}"
EndProject
Project("{9A19103F-16F7-4668-BE54-9A1E7A4F7556}") = "Day09", "Day09\Day09.csproj", "{8D815E95-45AD-44B4-9AE7-719C440DEBB2}"
EndProject
Project("{FAE04EC0-301F-11D3-BF4B-00C04F79EFBC}") = "Day10", "Day10\Day10.csproj", "{E97CD667-FF00-404F-A0C5-46507A060679}"
EndProject
Project("{9A19103F-16F7-4668-BE54-9A1E7A4F7556}") = "Day11", "Day11\Day11.csproj", "{31DF502C-F2EA-4622-8B50-5B374020A0EF}"
EndProject
Project("{FAE04EC0-301F-11D3-BF4B-00C04F79EFBC}") = "Day13", "Day13\Day13.csproj", "{61FFEBC7-1005-4AB9-92C5-B56632CD02B3}"
EndProject
Global
	GlobalSection(SolutionConfigurationPlatforms) = preSolution
		Debug|Any CPU = Debug|Any CPU
		Release|Any CPU = Release|Any CPU
	EndGlobalSection
	GlobalSection(ProjectConfigurationPlatforms) = postSolution
		{493FDF88-5714-4705-8A4B-B05CF8F4F071}.Debug|Any CPU.ActiveCfg = Debug|Any CPU
		{493FDF88-5714-4705-8A4B-B05CF8F4F071}.Debug|Any CPU.Build.0 = Debug|Any CPU
		{493FDF88-5714-4705-8A4B-B05CF8F4F071}.Release|Any CPU.ActiveCfg = Release|Any CPU
		{493FDF88-5714-4705-8A4B-B05CF8F4F071}.Release|Any CPU.Build.0 = Release|Any CPU
		{B1F5BD70-03AE-4CEF-A73E-331F58EDECFC}.Debug|Any CPU.ActiveCfg = Debug|Any CPU
		{B1F5BD70-03AE-4CEF-A73E-331F58EDECFC}.Debug|Any CPU.Build.0 = Debug|Any CPU
		{B1F5BD70-03AE-4CEF-A73E-331F58EDECFC}.Release|Any CPU.ActiveCfg = Release|Any CPU
		{B1F5BD70-03AE-4CEF-A73E-331F58EDECFC}.Release|Any CPU.Build.0 = Release|Any CPU
		{13917E54-4C96-4D36-A60B-C2F701C20013}.Debug|Any CPU.ActiveCfg = Debug|Any CPU
		{13917E54-4C96-4D36-A60B-C2F701C20013}.Debug|Any CPU.Build.0 = Debug|Any CPU
		{13917E54-4C96-4D36-A60B-C2F701C20013}.Release|Any CPU.ActiveCfg = Release|Any CPU
		{13917E54-4C96-4D36-A60B-C2F701C20013}.Release|Any CPU.Build.0 = Release|Any CPU
		{BACCAD67-797D-4DDB-893E-ADD825980A22}.Debug|Any CPU.ActiveCfg = Debug|Any CPU
		{BACCAD67-797D-4DDB-893E-ADD825980A22}.Debug|Any CPU.Build.0 = Debug|Any CPU
		{BACCAD67-797D-4DDB-893E-ADD825980A22}.Release|Any CPU.ActiveCfg = Release|Any CPU
		{BACCAD67-797D-4DDB-893E-ADD825980A22}.Release|Any CPU.Build.0 = Release|Any CPU
		{0D9F9A19-2162-4F66-BC1E-111AC161C177}.Debug|Any CPU.ActiveCfg = Debug|Any CPU
		{0D9F9A19-2162-4F66-BC1E-111AC161C177}.Debug|Any CPU.Build.0 = Debug|Any CPU
		{0D9F9A19-2162-4F66-BC1E-111AC161C177}.Release|Any CPU.ActiveCfg = Release|Any CPU
		{0D9F9A19-2162-4F66-BC1E-111AC161C177}.Release|Any CPU.Build.0 = Release|Any CPU
		{4A986952-3F68-4F44-BD48-C02B572F1F52}.Debug|Any CPU.ActiveCfg = Debug|Any CPU
		{4A986952-3F68-4F44-BD48-C02B572F1F52}.Debug|Any CPU.Build.0 = Debug|Any CPU
		{4A986952-3F68-4F44-BD48-C02B572F1F52}.Release|Any CPU.ActiveCfg = Release|Any CPU
		{4A986952-3F68-4F44-BD48-C02B572F1F52}.Release|Any CPU.Build.0 = Release|Any CPU
		{41B6C557-7888-41E9-8D03-56E96C8B8E9E}.Debug|Any CPU.ActiveCfg = Debug|Any CPU
		{41B6C557-7888-41E9-8D03-56E96C8B8E9E}.Debug|Any CPU.Build.0 = Debug|Any CPU
		{41B6C557-7888-41E9-8D03-56E96C8B8E9E}.Release|Any CPU.ActiveCfg = Release|Any CPU
		{41B6C557-7888-41E9-8D03-56E96C8B8E9E}.Release|Any CPU.Build.0 = Release|Any CPU
		{62B7CC84-F7AA-440C-81D2-FE9E430C41D8}.Debug|Any CPU.ActiveCfg = Debug|Any CPU
		{62B7CC84-F7AA-440C-81D2-FE9E430C41D8}.Debug|Any CPU.Build.0 = Debug|Any CPU
		{62B7CC84-F7AA-440C-81D2-FE9E430C41D8}.Release|Any CPU.ActiveCfg = Release|Any CPU
		{62B7CC84-F7AA-440C-81D2-FE9E430C41D8}.Release|Any CPU.Build.0 = Release|Any CPU
		{CBB61E26-567C-4AC0-9E89-42D34D86C84B}.Debug|Any CPU.ActiveCfg = Debug|Any CPU
		{CBB61E26-567C-4AC0-9E89-42D34D86C84B}.Debug|Any CPU.Build.0 = Debug|Any CPU
		{CBB61E26-567C-4AC0-9E89-42D34D86C84B}.Release|Any CPU.ActiveCfg = Release|Any CPU
		{CBB61E26-567C-4AC0-9E89-42D34D86C84B}.Release|Any CPU.Build.0 = Release|Any CPU
		{8D815E95-45AD-44B4-9AE7-719C440DEBB2}.Debug|Any CPU.ActiveCfg = Debug|Any CPU
		{8D815E95-45AD-44B4-9AE7-719C440DEBB2}.Debug|Any CPU.Build.0 = Debug|Any CPU
		{8D815E95-45AD-44B4-9AE7-719C440DEBB2}.Release|Any CPU.ActiveCfg = Release|Any CPU
		{8D815E95-45AD-44B4-9AE7-719C440DEBB2}.Release|Any CPU.Build.0 = Release|Any CPU
		{E97CD667-FF00-404F-A0C5-46507A060679}.Debug|Any CPU.ActiveCfg = Debug|Any CPU
		{E97CD667-FF00-404F-A0C5-46507A060679}.Debug|Any CPU.Build.0 = Debug|Any CPU
		{E97CD667-FF00-404F-A0C5-46507A060679}.Release|Any CPU.ActiveCfg = Release|Any CPU
		{E97CD667-FF00-404F-A0C5-46507A060679}.Release|Any CPU.Build.0 = Release|Any CPU
		{31DF502C-F2EA-4622-8B50-5B374020A0EF}.Debug|Any CPU.ActiveCfg = Debug|Any CPU
		{31DF502C-F2EA-4622-8B50-5B374020A0EF}.Debug|Any CPU.Build.0 = Debug|Any CPU
		{31DF502C-F2EA-4622-8B50-5B374020A0EF}.Release|Any CPU.ActiveCfg = Release|Any CPU
		{31DF502C-F2EA-4622-8B50-5B374020A0EF}.Release|Any CPU.Build.0 = Release|Any CPU
		{61FFEBC7-1005-4AB9-92C5-B56632CD02B3}.Debug|Any CPU.ActiveCfg = Debug|Any CPU
		{61FFEBC7-1005-4AB9-92C5-B56632CD02B3}.Debug|Any CPU.Build.0 = Debug|Any CPU
		{61FFEBC7-1005-4AB9-92C5-B56632CD02B3}.Release|Any CPU.ActiveCfg = Release|Any CPU
		{61FFEBC7-1005-4AB9-92C5-B56632CD02B3}.Release|Any CPU.Build.0 = Release|Any CPU
	EndGlobalSection
	GlobalSection(SolutionProperties) = preSolution
		HideSolutionNode = FALSE
	EndGlobalSection
	GlobalSection(ExtensibilityGlobals) = postSolution
		SolutionGuid = {EC0F3730-5CC5-491A-99F9-1F5B62869DD4}
	EndGlobalSection
EndGlobal
