
Microsoft Visual Studio Solution File, Format Version 12.00
# Visual Studio Version 17
VisualStudioVersion = 17.10.35122.118
MinimumVisualStudioVersion = 10.0.40219.1
Project("{9A19103F-16F7-4668-BE54-9A1E7A4F7556}") = "Day01", "Day01\Day01.csproj", "{607A6730-9A59-4C33-948C-5CE2CEEA8113}"
EndProject
Project("{9A19103F-16F7-4668-BE54-9A1E7A4F7556}") = "Common", "Common\Common.csproj", "{2E81F121-FE8C-452E-AC5C-2C71B7FA7949}"
EndProject
Project("{9A19103F-16F7-4668-BE54-9A1E7A4F7556}") = "Day02", "Day02\Day02.csproj", "{9265AFE2-43E4-4B72-836C-F411F8FA9B54}"
EndProject
Project("{FAE04EC0-301F-11D3-BF4B-00C04F79EFBC}") = "Day03", "Day03\Day03.csproj", "{9AB14324-382E-4053-8B48-0710C8466148}"
EndProject
Project("{FAE04EC0-301F-11D3-BF4B-00C04F79EFBC}") = "Day04", "Day04\Day04.csproj", "{C47672B9-764A-4EBE-A1B5-EA727008B003}"
EndProject
Project("{FAE04EC0-301F-11D3-BF4B-00C04F79EFBC}") = "Day05", "Day05\Day05.csproj", "{F251E5B5-1882-4D16-A3B2-63A1B65546CA}"
EndProject
Project("{FAE04EC0-301F-11D3-BF4B-00C04F79EFBC}") = "Day06", "Day06\Day06.csproj", "{F81C02BD-BE14-463C-85AA-D3854D92757F}"
EndProject
Project("{FAE04EC0-301F-11D3-BF4B-00C04F79EFBC}") = "Day07", "Day07\Day07.csproj", "{C3CCC47D-DFDA-4FD7-BE06-2912EAC7D29B}"
EndProject
Project("{FAE04EC0-301F-11D3-BF4B-00C04F79EFBC}") = "Day08", "Day08\Day08.csproj", "{B2A15D0E-ECC3-4164-9548-DFA7C8E9583A}"
EndProject
Project("{FAE04EC0-301F-11D3-BF4B-00C04F79EFBC}") = "Day09", "Day09\Day09.csproj", "{0AF12BBE-3C04-4A72-A656-8B81C8E363B4}"
EndProject
Global
	GlobalSection(SolutionConfigurationPlatforms) = preSolution
		Debug|Any CPU = Debug|Any CPU
		Release|Any CPU = Release|Any CPU
	EndGlobalSection
	GlobalSection(ProjectConfigurationPlatforms) = postSolution
		{607A6730-9A59-4C33-948C-5CE2CEEA8113}.Debug|Any CPU.ActiveCfg = Debug|Any CPU
		{607A6730-9A59-4C33-948C-5CE2CEEA8113}.Debug|Any CPU.Build.0 = Debug|Any CPU
		{607A6730-9A59-4C33-948C-5CE2CEEA8113}.Release|Any CPU.ActiveCfg = Release|Any CPU
		{607A6730-9A59-4C33-948C-5CE2CEEA8113}.Release|Any CPU.Build.0 = Release|Any CPU
		{2E81F121-FE8C-452E-AC5C-2C71B7FA7949}.Debug|Any CPU.ActiveCfg = Debug|Any CPU
		{2E81F121-FE8C-452E-AC5C-2C71B7FA7949}.Debug|Any CPU.Build.0 = Debug|Any CPU
		{2E81F121-FE8C-452E-AC5C-2C71B7FA7949}.Release|Any CPU.ActiveCfg = Release|Any CPU
		{2E81F121-FE8C-452E-AC5C-2C71B7FA7949}.Release|Any CPU.Build.0 = Release|Any CPU
		{9265AFE2-43E4-4B72-836C-F411F8FA9B54}.Debug|Any CPU.ActiveCfg = Debug|Any CPU
		{9265AFE2-43E4-4B72-836C-F411F8FA9B54}.Debug|Any CPU.Build.0 = Debug|Any CPU
		{9265AFE2-43E4-4B72-836C-F411F8FA9B54}.Release|Any CPU.ActiveCfg = Release|Any CPU
		{9265AFE2-43E4-4B72-836C-F411F8FA9B54}.Release|Any CPU.Build.0 = Release|Any CPU
		{9AB14324-382E-4053-8B48-0710C8466148}.Debug|Any CPU.ActiveCfg = Debug|Any CPU
		{9AB14324-382E-4053-8B48-0710C8466148}.Debug|Any CPU.Build.0 = Debug|Any CPU
		{9AB14324-382E-4053-8B48-0710C8466148}.Release|Any CPU.ActiveCfg = Release|Any CPU
		{9AB14324-382E-4053-8B48-0710C8466148}.Release|Any CPU.Build.0 = Release|Any CPU
		{C47672B9-764A-4EBE-A1B5-EA727008B003}.Debug|Any CPU.ActiveCfg = Debug|Any CPU
		{C47672B9-764A-4EBE-A1B5-EA727008B003}.Debug|Any CPU.Build.0 = Debug|Any CPU
		{C47672B9-764A-4EBE-A1B5-EA727008B003}.Release|Any CPU.ActiveCfg = Release|Any CPU
		{C47672B9-764A-4EBE-A1B5-EA727008B003}.Release|Any CPU.Build.0 = Release|Any CPU
		{F251E5B5-1882-4D16-A3B2-63A1B65546CA}.Debug|Any CPU.ActiveCfg = Debug|Any CPU
		{F251E5B5-1882-4D16-A3B2-63A1B65546CA}.Debug|Any CPU.Build.0 = Debug|Any CPU
		{F251E5B5-1882-4D16-A3B2-63A1B65546CA}.Release|Any CPU.ActiveCfg = Release|Any CPU
		{F251E5B5-1882-4D16-A3B2-63A1B65546CA}.Release|Any CPU.Build.0 = Release|Any CPU
		{F81C02BD-BE14-463C-85AA-D3854D92757F}.Debug|Any CPU.ActiveCfg = Debug|Any CPU
		{F81C02BD-BE14-463C-85AA-D3854D92757F}.Debug|Any CPU.Build.0 = Debug|Any CPU
		{F81C02BD-BE14-463C-85AA-D3854D92757F}.Release|Any CPU.ActiveCfg = Release|Any CPU
		{F81C02BD-BE14-463C-85AA-D3854D92757F}.Release|Any CPU.Build.0 = Release|Any CPU
		{C3CCC47D-DFDA-4FD7-BE06-2912EAC7D29B}.Debug|Any CPU.ActiveCfg = Debug|Any CPU
		{C3CCC47D-DFDA-4FD7-BE06-2912EAC7D29B}.Debug|Any CPU.Build.0 = Debug|Any CPU
		{C3CCC47D-DFDA-4FD7-BE06-2912EAC7D29B}.Release|Any CPU.ActiveCfg = Release|Any CPU
		{C3CCC47D-DFDA-4FD7-BE06-2912EAC7D29B}.Release|Any CPU.Build.0 = Release|Any CPU
		{B2A15D0E-ECC3-4164-9548-DFA7C8E9583A}.Debug|Any CPU.ActiveCfg = Debug|Any CPU
		{B2A15D0E-ECC3-4164-9548-DFA7C8E9583A}.Debug|Any CPU.Build.0 = Debug|Any CPU
		{B2A15D0E-ECC3-4164-9548-DFA7C8E9583A}.Release|Any CPU.ActiveCfg = Release|Any CPU
		{B2A15D0E-ECC3-4164-9548-DFA7C8E9583A}.Release|Any CPU.Build.0 = Release|Any CPU
		{0AF12BBE-3C04-4A72-A656-8B81C8E363B4}.Debug|Any CPU.ActiveCfg = Debug|Any CPU
		{0AF12BBE-3C04-4A72-A656-8B81C8E363B4}.Debug|Any CPU.Build.0 = Debug|Any CPU
		{0AF12BBE-3C04-4A72-A656-8B81C8E363B4}.Release|Any CPU.ActiveCfg = Release|Any CPU
		{0AF12BBE-3C04-4A72-A656-8B81C8E363B4}.Release|Any CPU.Build.0 = Release|Any CPU
	EndGlobalSection
	GlobalSection(SolutionProperties) = preSolution
		HideSolutionNode = FALSE
	EndGlobalSection
	GlobalSection(ExtensibilityGlobals) = postSolution
		SolutionGuid = {8B99F0A5-0639-4E2D-8055-00B99DEA088E}
	EndGlobalSection
EndGlobal
