
Microsoft Visual Studio Solution File, Format Version 12.00
# Visual Studio Version 17
VisualStudioVersion = 17.4.33122.133
MinimumVisualStudioVersion = 10.0.40219.1
Project("{9A19103F-16F7-4668-BE54-9A1E7A4F7556}") = "Day01", "Day01\Day01.csproj", "{2B78D707-9C74-4E31-A09F-8EB7DCC4010F}"
EndProject
Project("{9A19103F-16F7-4668-BE54-9A1E7A4F7556}") = "Day02", "Day02\Day02.csproj", "{3BDF3E24-5069-4647-B578-665F98249E01}"
EndProject
Project("{9A19103F-16F7-4668-BE54-9A1E7A4F7556}") = "Day03", "Day03\Day03.csproj", "{542FBF7A-B701-42A7-88BF-04E6B2244FD7}"
EndProject
Project("{9A19103F-16F7-4668-BE54-9A1E7A4F7556}") = "Day04", "Day04\Day04.csproj", "{B32F5393-250D-4482-9A2D-B5C38B1488A6}"
EndProject
Project("{9A19103F-16F7-4668-BE54-9A1E7A4F7556}") = "Day05", "Day05\Day05.csproj", "{198CE3F5-D574-4571-A2D7-4C43BBF730E6}"
EndProject
Project("{9A19103F-16F7-4668-BE54-9A1E7A4F7556}") = "Day06", "Day06\Day06.csproj", "{45707A41-33A4-4B80-AC58-58FC03713387}"
EndProject
Project("{9A19103F-16F7-4668-BE54-9A1E7A4F7556}") = "Day07", "Day07\Day07.csproj", "{D081773D-A673-48E6-AA76-A7F287EF672A}"
EndProject
Project("{FAE04EC0-301F-11D3-BF4B-00C04F79EFBC}") = "Day08", "Day08\Day08.csproj", "{D4CA3A58-4800-46FE-946A-4A3E3C87B9EB}"
EndProject
Project("{FAE04EC0-301F-11D3-BF4B-00C04F79EFBC}") = "Day09", "Day09\Day09.csproj", "{38DD54BF-9D0A-43CF-9062-5C531D975655}"
EndProject
Global
	GlobalSection(SolutionConfigurationPlatforms) = preSolution
		Debug|Any CPU = Debug|Any CPU
		Release|Any CPU = Release|Any CPU
	EndGlobalSection
	GlobalSection(ProjectConfigurationPlatforms) = postSolution
		{2B78D707-9C74-4E31-A09F-8EB7DCC4010F}.Debug|Any CPU.ActiveCfg = Debug|Any CPU
		{2B78D707-9C74-4E31-A09F-8EB7DCC4010F}.Debug|Any CPU.Build.0 = Debug|Any CPU
		{2B78D707-9C74-4E31-A09F-8EB7DCC4010F}.Release|Any CPU.ActiveCfg = Release|Any CPU
		{2B78D707-9C74-4E31-A09F-8EB7DCC4010F}.Release|Any CPU.Build.0 = Release|Any CPU
		{3BDF3E24-5069-4647-B578-665F98249E01}.Debug|Any CPU.ActiveCfg = Debug|Any CPU
		{3BDF3E24-5069-4647-B578-665F98249E01}.Debug|Any CPU.Build.0 = Debug|Any CPU
		{3BDF3E24-5069-4647-B578-665F98249E01}.Release|Any CPU.ActiveCfg = Release|Any CPU
		{3BDF3E24-5069-4647-B578-665F98249E01}.Release|Any CPU.Build.0 = Release|Any CPU
		{542FBF7A-B701-42A7-88BF-04E6B2244FD7}.Debug|Any CPU.ActiveCfg = Debug|Any CPU
		{542FBF7A-B701-42A7-88BF-04E6B2244FD7}.Debug|Any CPU.Build.0 = Debug|Any CPU
		{542FBF7A-B701-42A7-88BF-04E6B2244FD7}.Release|Any CPU.ActiveCfg = Release|Any CPU
		{542FBF7A-B701-42A7-88BF-04E6B2244FD7}.Release|Any CPU.Build.0 = Release|Any CPU
		{B32F5393-250D-4482-9A2D-B5C38B1488A6}.Debug|Any CPU.ActiveCfg = Debug|Any CPU
		{B32F5393-250D-4482-9A2D-B5C38B1488A6}.Debug|Any CPU.Build.0 = Debug|Any CPU
		{B32F5393-250D-4482-9A2D-B5C38B1488A6}.Release|Any CPU.ActiveCfg = Release|Any CPU
		{B32F5393-250D-4482-9A2D-B5C38B1488A6}.Release|Any CPU.Build.0 = Release|Any CPU
		{198CE3F5-D574-4571-A2D7-4C43BBF730E6}.Debug|Any CPU.ActiveCfg = Debug|Any CPU
		{198CE3F5-D574-4571-A2D7-4C43BBF730E6}.Debug|Any CPU.Build.0 = Debug|Any CPU
		{198CE3F5-D574-4571-A2D7-4C43BBF730E6}.Release|Any CPU.ActiveCfg = Release|Any CPU
		{198CE3F5-D574-4571-A2D7-4C43BBF730E6}.Release|Any CPU.Build.0 = Release|Any CPU
		{45707A41-33A4-4B80-AC58-58FC03713387}.Debug|Any CPU.ActiveCfg = Debug|Any CPU
		{45707A41-33A4-4B80-AC58-58FC03713387}.Debug|Any CPU.Build.0 = Debug|Any CPU
		{45707A41-33A4-4B80-AC58-58FC03713387}.Release|Any CPU.ActiveCfg = Release|Any CPU
		{45707A41-33A4-4B80-AC58-58FC03713387}.Release|Any CPU.Build.0 = Release|Any CPU
		{D081773D-A673-48E6-AA76-A7F287EF672A}.Debug|Any CPU.ActiveCfg = Debug|Any CPU
		{D081773D-A673-48E6-AA76-A7F287EF672A}.Debug|Any CPU.Build.0 = Debug|Any CPU
		{D081773D-A673-48E6-AA76-A7F287EF672A}.Release|Any CPU.ActiveCfg = Release|Any CPU
		{D081773D-A673-48E6-AA76-A7F287EF672A}.Release|Any CPU.Build.0 = Release|Any CPU
		{D4CA3A58-4800-46FE-946A-4A3E3C87B9EB}.Debug|Any CPU.ActiveCfg = Debug|Any CPU
		{D4CA3A58-4800-46FE-946A-4A3E3C87B9EB}.Debug|Any CPU.Build.0 = Debug|Any CPU
		{D4CA3A58-4800-46FE-946A-4A3E3C87B9EB}.Release|Any CPU.ActiveCfg = Release|Any CPU
		{D4CA3A58-4800-46FE-946A-4A3E3C87B9EB}.Release|Any CPU.Build.0 = Release|Any CPU
		{38DD54BF-9D0A-43CF-9062-5C531D975655}.Debug|Any CPU.ActiveCfg = Debug|Any CPU
		{38DD54BF-9D0A-43CF-9062-5C531D975655}.Debug|Any CPU.Build.0 = Debug|Any CPU
		{38DD54BF-9D0A-43CF-9062-5C531D975655}.Release|Any CPU.ActiveCfg = Release|Any CPU
		{38DD54BF-9D0A-43CF-9062-5C531D975655}.Release|Any CPU.Build.0 = Release|Any CPU
	EndGlobalSection
	GlobalSection(SolutionProperties) = preSolution
		HideSolutionNode = FALSE
	EndGlobalSection
	GlobalSection(ExtensibilityGlobals) = postSolution
		SolutionGuid = {73151E30-2F53-4CEF-96E4-B733C09F40AD}
	EndGlobalSection
EndGlobal
