
Microsoft Visual Studio Solution File, Format Version 12.00
# Visual Studio Version 17
VisualStudioVersion = 17.4.33122.133
MinimumVisualStudioVersion = 10.0.40219.1
Project("{9A19103F-16F7-4668-BE54-9A1E7A4F7556}") = "Day01", "Day01\Day01.csproj", "{2B78D707-9C74-4E31-A09F-8EB7DCC4010F}"
EndProject
Project("{9A19103F-16F7-4668-BE54-9A1E7A4F7556}") = "Day02", "Day02\Day02.csproj", "{3BDF3E24-5069-4647-B578-665F98249E01}"
EndProject
Project("{FAE04EC0-301F-11D3-BF4B-00C04F79EFBC}") = "Day03", "Day03\Day03.csproj", "{542FBF7A-B701-42A7-88BF-04E6B2244FD7}"
EndProject
Global
	GlobalSection(SolutionConfigurationPlatforms) = preSolution
		Debug|Any CPU = Debug|Any CPU
		Release|Any CPU = Release|Any CPU
	EndGlobalSection
	GlobalSection(ProjectConfigurationPlatforms) = postSolution
		{2B78D707-9C74-4E31-A09F-8EB7DCC4010F}.Debug|Any CPU.ActiveCfg = Debug|Any CPU
		{2B78D707-9C74-4E31-A09F-8EB7DCC4010F}.Debug|Any CPU.Build.0 = Debug|Any CPU
		{2B78D707-9C74-4E31-A09F-8EB7DCC4010F}.Release|Any CPU.ActiveCfg = Release|Any CPU
		{2B78D707-9C74-4E31-A09F-8EB7DCC4010F}.Release|Any CPU.Build.0 = Release|Any CPU
		{3BDF3E24-5069-4647-B578-665F98249E01}.Debug|Any CPU.ActiveCfg = Debug|Any CPU
		{3BDF3E24-5069-4647-B578-665F98249E01}.Debug|Any CPU.Build.0 = Debug|Any CPU
		{3BDF3E24-5069-4647-B578-665F98249E01}.Release|Any CPU.ActiveCfg = Release|Any CPU
		{3BDF3E24-5069-4647-B578-665F98249E01}.Release|Any CPU.Build.0 = Release|Any CPU
		{542FBF7A-B701-42A7-88BF-04E6B2244FD7}.Debug|Any CPU.ActiveCfg = Debug|Any CPU
		{542FBF7A-B701-42A7-88BF-04E6B2244FD7}.Debug|Any CPU.Build.0 = Debug|Any CPU
		{542FBF7A-B701-42A7-88BF-04E6B2244FD7}.Release|Any CPU.ActiveCfg = Release|Any CPU
		{542FBF7A-B701-42A7-88BF-04E6B2244FD7}.Release|Any CPU.Build.0 = Release|Any CPU
	EndGlobalSection
	GlobalSection(SolutionProperties) = preSolution
		HideSolutionNode = FALSE
	EndGlobalSection
	GlobalSection(ExtensibilityGlobals) = postSolution
		SolutionGuid = {73151E30-2F53-4CEF-96E4-B733C09F40AD}
	EndGlobalSection
EndGlobal
